
Microsoft Visual Studio Solution File, Format Version 12.00
# Visual Studio Version 17
VisualStudioVersion = 17.4.33403.182
MinimumVisualStudioVersion = 10.0.40219.1
Project("{FAE04EC0-301F-11D3-BF4B-00C04F79EFBC}") = "BasketBallGame", "BasketBallGame\BasketBallGame.csproj", "{2ECF0EAD-3F09-463F-B8EE-4B3F63C601C8}"
EndProject
Global
	GlobalSection(SolutionConfigurationPlatforms) = preSolution
		Debug|Any CPU = Debug|Any CPU
		Release|Any CPU = Release|Any CPU
	EndGlobalSection
	GlobalSection(ProjectConfigurationPlatforms) = postSolution
		{2ECF0EAD-3F09-463F-B8EE-4B3F63C601C8}.Debug|Any CPU.ActiveCfg = Debug|Any CPU
		{2ECF0EAD-3F09-463F-B8EE-4B3F63C601C8}.Debug|Any CPU.Build.0 = Debug|Any CPU
		{2ECF0EAD-3F09-463F-B8EE-4B3F63C601C8}.Release|Any CPU.ActiveCfg = Release|Any CPU
		{2ECF0EAD-3F09-463F-B8EE-4B3F63C601C8}.Release|Any CPU.Build.0 = Release|Any CPU
	EndGlobalSection
	GlobalSection(SolutionProperties) = preSolution
		HideSolutionNode = FALSE
	EndGlobalSection
	GlobalSection(ExtensibilityGlobals) = postSolution
		SolutionGuid = {D231360F-29CB-41AF-A32E-B9024F0CFE6D}
	EndGlobalSection
EndGlobal
